<?xml version="1.0" encoding="utf-8"?>
<Project ToolsVersion="4.0" xmlns="http://schemas.microsoft.com/developer/msbuild/2003">
  <ItemGroup>
    <Filter Include="소스 파일">
      <UniqueIdentifier>{4FC737F1-C7A5-4376-A066-2A32D752A2FF}</UniqueIdentifier>
      <Extensions>cpp;c;cc;cxx;c++;cppm;ixx;def;odl;idl;hpj;bat;asm;asmx</Extensions>
    </Filter>
    <Filter Include="헤더 파일">
      <UniqueIdentifier>{93995380-89BD-4b04-88EB-625FBE52EBFB}</UniqueIdentifier>
      <Extensions>h;hh;hpp;hxx;h++;hm;inl;inc;ipp;xsd</Extensions>
    </Filter>
    <Filter Include="리소스 파일">
      <UniqueIdentifier>{67DA6AB6-F800-4c08-8B7A-83BB121AAD01}</UniqueIdentifier>
      <Extensions>rc;ico;cur;bmp;dlg;rc2;rct;bin;rgs;gif;jpg;jpeg;jpe;resx;tiff;tif;png;wav;mfcribbon-ms</Extensions>
    </Filter>
  </ItemGroup>
  <ItemGroup>
    <ClCompile Include="문자열.c">
      <Filter>소스 파일</Filter>
    </ClCompile>
    <ClCompile Include="크기비교.c">
      <Filter>소스 파일</Filter>
    </ClCompile>
    <ClCompile Include="정적변수.c">
      <Filter>소스 파일</Filter>
    </ClCompile>
    <ClCompile Include="구조체.c">
      <Filter>소스 파일</Filter>
    </ClCompile>
    <ClCompile Include="구조체예제.c">
      <Filter>소스 파일</Filter>
    </ClCompile>
    <ClCompile Include="포인터.c">
      <Filter>소스 파일</Filter>
    </ClCompile>
    <ClCompile Include="포인터예제.c">
      <Filter>소스 파일</Filter>
    </ClCompile>
    <ClCompile Include="포인터예제2.c">
      <Filter>소스 파일</Filter>
    </ClCompile>
    <ClCompile Include="동적할당.c">
      <Filter>소스 파일</Filter>
    </ClCompile>
    <ClCompile Include="배열선언.c">
      <Filter>소스 파일</Filter>
    </ClCompile>
    <ClCompile Include="동적할당 예제.c">
      <Filter>소스 파일</Filter>
    </ClCompile>
    <ClCompile Include="sizeof함수.c">
      <Filter>소스 파일</Filter>
    </ClCompile>
    <ClCompile Include="배열예제.c">
      <Filter>소스 파일</Filter>
    </ClCompile>
    <ClCompile Include="C++개요.cpp">
      <Filter>소스 파일</Filter>
    </ClCompile>
    <ClCompile Include="C++형변환.cpp">
      <Filter>소스 파일</Filter>
    </ClCompile>
    <ClCompile Include="C++클래스.cpp">
      <Filter>소스 파일</Filter>
    </ClCompile>
    <ClCompile Include="C++배열정렬예제.cpp">
      <Filter>소스 파일</Filter>
    </ClCompile>
    <ClCompile Include="C++클래스예제.cpp">
      <Filter>소스 파일</Filter>
    </ClCompile>
    <ClCompile Include="C문자열심화.c">
      <Filter>소스 파일</Filter>
    </ClCompile>
    <ClCompile Include="C회문예제.c">
      <Filter>소스 파일</Filter>
    </ClCompile>
    <ClCompile Include="C어려운예제1.c">
      <Filter>소스 파일</Filter>
    </ClCompile>
    <ClCompile Include="C++메소드, 생성자.cpp">
      <Filter>소스 파일</Filter>
    </ClCompile>
  </ItemGroup>
</Project>